
Microsoft Visual Studio Solution File, Format Version 12.00
# Visual Studio Version 17
VisualStudioVersion = 17.4.33213.308
MinimumVisualStudioVersion = 10.0.40219.1
Project("{FAE04EC0-301F-11D3-BF4B-00C04F79EFBC}") = "VR.GifUpscaler.View", "VR.GifUpscaler.View\VR.GifUpscaler.View.csproj", "{A6C67F87-07EB-4C12-B982-1F36FE699D87}"
EndProject
Global
	GlobalSection(SolutionConfigurationPlatforms) = preSolution
		Debug|Any CPU = Debug|Any CPU
		Release|Any CPU = Release|Any CPU
	EndGlobalSection
	GlobalSection(ProjectConfigurationPlatforms) = postSolution
		{A6C67F87-07EB-4C12-B982-1F36FE699D87}.Debug|Any CPU.ActiveCfg = Debug|Any CPU
		{A6C67F87-07EB-4C12-B982-1F36FE699D87}.Debug|Any CPU.Build.0 = Debug|Any CPU
		{A6C67F87-07EB-4C12-B982-1F36FE699D87}.Release|Any CPU.ActiveCfg = Release|Any CPU
		{A6C67F87-07EB-4C12-B982-1F36FE699D87}.Release|Any CPU.Build.0 = Release|Any CPU
	EndGlobalSection
	GlobalSection(SolutionProperties) = preSolution
		HideSolutionNode = FALSE
	EndGlobalSection
	GlobalSection(ExtensibilityGlobals) = postSolution
		SolutionGuid = {01F62E35-8B44-44AB-AF25-1534459AFF59}
	EndGlobalSection
EndGlobal
